
Microsoft Visual Studio Solution File, Format Version 12.00
# Visual Studio Version 16
VisualStudioVersion = 16.0.29519.87
MinimumVisualStudioVersion = 10.0.40219.1
Project("{FAE04EC0-301F-11D3-BF4B-00C04F79EFBC}") = "DBMS_HOTEL_PROJECT_COURSE", "DBMS_HOTEL_PROJECT_COURSE\DBMS_HOTEL_PROJECT_COURSE.csproj", "{359CF7D5-204F-4CB6-9EE7-CEDEEA6E8C2B}"
EndProject
Project("{FAE04EC0-301F-11D3-BF4B-00C04F79EFBC}") = "HMS.Entities", "HMS.Entities\HMS.Entities.csproj", "{31AF1F52-EBBB-49DC-B2E9-F9C70BDC3642}"
EndProject
Project("{FAE04EC0-301F-11D3-BF4B-00C04F79EFBC}") = "HMS.Data", "HMS.Data\HMS.Data.csproj", "{950773E1-09FC-4FD0-8C6E-22AC53F0E0BC}"
EndProject
Project("{FAE04EC0-301F-11D3-BF4B-00C04F79EFBC}") = "HMS.Services", "HMS.Services\HMS.Services.csproj", "{9C0FEF85-B54F-4554-8F29-1D29EFEE86F5}"
EndProject
Global
	GlobalSection(SolutionConfigurationPlatforms) = preSolution
		Debug|Any CPU = Debug|Any CPU
		Release|Any CPU = Release|Any CPU
	EndGlobalSection
	GlobalSection(ProjectConfigurationPlatforms) = postSolution
		{359CF7D5-204F-4CB6-9EE7-CEDEEA6E8C2B}.Debug|Any CPU.ActiveCfg = Debug|Any CPU
		{359CF7D5-204F-4CB6-9EE7-CEDEEA6E8C2B}.Debug|Any CPU.Build.0 = Debug|Any CPU
		{359CF7D5-204F-4CB6-9EE7-CEDEEA6E8C2B}.Release|Any CPU.ActiveCfg = Release|Any CPU
		{359CF7D5-204F-4CB6-9EE7-CEDEEA6E8C2B}.Release|Any CPU.Build.0 = Release|Any CPU
		{31AF1F52-EBBB-49DC-B2E9-F9C70BDC3642}.Debug|Any CPU.ActiveCfg = Debug|Any CPU
		{31AF1F52-EBBB-49DC-B2E9-F9C70BDC3642}.Debug|Any CPU.Build.0 = Debug|Any CPU
		{31AF1F52-EBBB-49DC-B2E9-F9C70BDC3642}.Release|Any CPU.ActiveCfg = Release|Any CPU
		{31AF1F52-EBBB-49DC-B2E9-F9C70BDC3642}.Release|Any CPU.Build.0 = Release|Any CPU
		{950773E1-09FC-4FD0-8C6E-22AC53F0E0BC}.Debug|Any CPU.ActiveCfg = Debug|Any CPU
		{950773E1-09FC-4FD0-8C6E-22AC53F0E0BC}.Debug|Any CPU.Build.0 = Debug|Any CPU
		{950773E1-09FC-4FD0-8C6E-22AC53F0E0BC}.Release|Any CPU.ActiveCfg = Release|Any CPU
		{950773E1-09FC-4FD0-8C6E-22AC53F0E0BC}.Release|Any CPU.Build.0 = Release|Any CPU
		{9C0FEF85-B54F-4554-8F29-1D29EFEE86F5}.Debug|Any CPU.ActiveCfg = Debug|Any CPU
		{9C0FEF85-B54F-4554-8F29-1D29EFEE86F5}.Debug|Any CPU.Build.0 = Debug|Any CPU
		{9C0FEF85-B54F-4554-8F29-1D29EFEE86F5}.Release|Any CPU.ActiveCfg = Release|Any CPU
		{9C0FEF85-B54F-4554-8F29-1D29EFEE86F5}.Release|Any CPU.Build.0 = Release|Any CPU
	EndGlobalSection
	GlobalSection(SolutionProperties) = preSolution
		HideSolutionNode = FALSE
	EndGlobalSection
	GlobalSection(ExtensibilityGlobals) = postSolution
		SolutionGuid = {0B5B3738-7F32-4145-BF96-3445158FCC7B}
	EndGlobalSection
EndGlobal
